
Microsoft Visual Studio Solution File, Format Version 12.00
# Visual Studio Version 17
VisualStudioVersion = 17.4.33205.214
MinimumVisualStudioVersion = 10.0.40219.1
Project("{FAE04EC0-301F-11D3-BF4B-00C04F79EFBC}") = "AppBuilderWpf", "AppBuilderWpf.csproj", "{F16152E6-BB54-4C9A-AB18-786353AAD7EA}"
EndProject
Global
	GlobalSection(SolutionConfigurationPlatforms) = preSolution
		Debug|Any CPU = Debug|Any CPU
		Release|Any CPU = Release|Any CPU
	EndGlobalSection
	GlobalSection(ProjectConfigurationPlatforms) = postSolution
		{F16152E6-BB54-4C9A-AB18-786353AAD7EA}.Debug|Any CPU.ActiveCfg = Debug|Any CPU
		{F16152E6-BB54-4C9A-AB18-786353AAD7EA}.Debug|Any CPU.Build.0 = Debug|Any CPU
		{F16152E6-BB54-4C9A-AB18-786353AAD7EA}.Release|Any CPU.ActiveCfg = Release|Any CPU
		{F16152E6-BB54-4C9A-AB18-786353AAD7EA}.Release|Any CPU.Build.0 = Release|Any CPU
	EndGlobalSection
	GlobalSection(SolutionProperties) = preSolution
		HideSolutionNode = FALSE
	EndGlobalSection
	GlobalSection(ExtensibilityGlobals) = postSolution
		SolutionGuid = {1231DF00-8F77-46E8-9D1D-523D1536F66E}
	EndGlobalSection
EndGlobal
