
Microsoft Visual Studio Solution File, Format Version 12.00
# Visual Studio Version 17
VisualStudioVersion = 17.4.33205.214
MinimumVisualStudioVersion = 10.0.40219.1
Project("{9A19103F-16F7-4668-BE54-9A1E7A4F7556}") = "AppGenerator", "AppGenerator\AppGenerator.csproj", "{D712E2E1-410C-4893-9139-7B2947A0FEA0}"
EndProject
Project("{9A19103F-16F7-4668-BE54-9A1E7A4F7556}") = "AppBuilderWpf", "AppBuilderWpf\AppBuilderWpf.csproj", "{28D107AA-7A82-4B4E-AA10-D16FFB51A66E}"
EndProject
Project("{2150E333-8FDC-42A3-9474-1A3956D46DE8}") = "Solution Items", "Solution Items", "{63F386CD-ABC3-4765-944C-C5F3DA6CAAC0}"
	ProjectSection(SolutionItems) = preProject
		LICENSE.txt = LICENSE.txt
		README.md = README.md
		todo.txt = todo.txt
	EndProjectSection
EndProject
Project("{FAE04EC0-301F-11D3-BF4B-00C04F79EFBC}") = "TestGenerator", "TestGenerator\TestGenerator.csproj", "{6774DA36-66D4-43BB-9678-A3AF4A9C416B}"
EndProject
Global
	GlobalSection(SolutionConfigurationPlatforms) = preSolution
		Debug|Any CPU = Debug|Any CPU
		Release|Any CPU = Release|Any CPU
	EndGlobalSection
	GlobalSection(ProjectConfigurationPlatforms) = postSolution
		{D712E2E1-410C-4893-9139-7B2947A0FEA0}.Debug|Any CPU.ActiveCfg = Debug|Any CPU
		{D712E2E1-410C-4893-9139-7B2947A0FEA0}.Debug|Any CPU.Build.0 = Debug|Any CPU
		{D712E2E1-410C-4893-9139-7B2947A0FEA0}.Release|Any CPU.ActiveCfg = Release|Any CPU
		{D712E2E1-410C-4893-9139-7B2947A0FEA0}.Release|Any CPU.Build.0 = Release|Any CPU
		{28D107AA-7A82-4B4E-AA10-D16FFB51A66E}.Debug|Any CPU.ActiveCfg = Debug|Any CPU
		{28D107AA-7A82-4B4E-AA10-D16FFB51A66E}.Debug|Any CPU.Build.0 = Debug|Any CPU
		{28D107AA-7A82-4B4E-AA10-D16FFB51A66E}.Release|Any CPU.ActiveCfg = Release|Any CPU
		{28D107AA-7A82-4B4E-AA10-D16FFB51A66E}.Release|Any CPU.Build.0 = Release|Any CPU
		{6774DA36-66D4-43BB-9678-A3AF4A9C416B}.Debug|Any CPU.ActiveCfg = Debug|Any CPU
		{6774DA36-66D4-43BB-9678-A3AF4A9C416B}.Debug|Any CPU.Build.0 = Debug|Any CPU
		{6774DA36-66D4-43BB-9678-A3AF4A9C416B}.Release|Any CPU.ActiveCfg = Release|Any CPU
		{6774DA36-66D4-43BB-9678-A3AF4A9C416B}.Release|Any CPU.Build.0 = Release|Any CPU
	EndGlobalSection
	GlobalSection(SolutionProperties) = preSolution
		HideSolutionNode = FALSE
	EndGlobalSection
	GlobalSection(ExtensibilityGlobals) = postSolution
		SolutionGuid = {1231DF00-8F77-46E8-9D1D-523D1536F66E}
	EndGlobalSection
EndGlobal
